// !$*UTF8*$!
{
	archiveVersion = 1;
	classes = {
	};
	objectVersion = 46;
	objects = {

/* Begin PBXBuildFile section */
		004CDD411CE41C46000D41D4 /* EmailViewController.swift in Sources */ = {isa = PBXBuildFile; fileRef = 004CDD401CE41C46000D41D4 /* EmailViewController.swift */; };
		004CDD431CE4286D000D41D4 /* SimulatorViewController.swift in Sources */ = {isa = PBXBuildFile; fileRef = 004CDD421CE4286D000D41D4 /* SimulatorViewController.swift */; };
		009EB1E11CE178990022FE5F /* AppDelegate.swift in Sources */ = {isa = PBXBuildFile; fileRef = 009EB1E01CE178990022FE5F /* AppDelegate.swift */; };
		009EB1E31CE178990022FE5F /* ViewController.swift in Sources */ = {isa = PBXBuildFile; fileRef = 009EB1E21CE178990022FE5F /* ViewController.swift */; };
		009EB1E61CE178990022FE5F /* Main.storyboard in Resources */ = {isa = PBXBuildFile; fileRef = 009EB1E41CE178990022FE5F /* Main.storyboard */; };
		009EB1E91CE178990022FE5F /* Final.xcdatamodeld in Sources */ = {isa = PBXBuildFile; fileRef = 009EB1E71CE178990022FE5F /* Final.xcdatamodeld */; };
		009EB1EB1CE178990022FE5F /* Assets.xcassets in Resources */ = {isa = PBXBuildFile; fileRef = 009EB1EA1CE178990022FE5F /* Assets.xcassets */; };
		009EB1EE1CE178990022FE5F /* LaunchScreen.storyboard in Resources */ = {isa = PBXBuildFile; fileRef = 009EB1EC1CE178990022FE5F /* LaunchScreen.storyboard */; };
		C94ED41B1CE7E6F800C6F31F /* HistoryTableViewController.swift in Sources */ = {isa = PBXBuildFile; fileRef = C94ED41A1CE7E6F800C6F31F /* HistoryTableViewController.swift */; };
		C94ED41D1CE7E80500C6F31F /* HistoryDetailViewController.swift in Sources */ = {isa = PBXBuildFile; fileRef = C94ED41C1CE7E80500C6F31F /* HistoryDetailViewController.swift */; };
		C94ED41F1CE7EBAF00C6F31F /* Result.swift in Sources */ = {isa = PBXBuildFile; fileRef = C94ED41E1CE7EBAF00C6F31F /* Result.swift */; };
		C94ED4221CE7EF9500C6F31F /* HistoryTableViewCell.swift in Sources */ = {isa = PBXBuildFile; fileRef = C94ED4201CE7EF9500C6F31F /* HistoryTableViewCell.swift */; };
		C94ED4231CE7EF9500C6F31F /* HistoryTableViewCell.xib in Resources */ = {isa = PBXBuildFile; fileRef = C94ED4211CE7EF9500C6F31F /* HistoryTableViewCell.xib */; };
		C9CBC8FA1CE85C77002D0A7C /* ArchiveResults.swift in Sources */ = {isa = PBXBuildFile; fileRef = C9CBC8F91CE85C77002D0A7C /* ArchiveResults.swift */; };
/* End PBXBuildFile section */

/* Begin PBXFileReference section */
		004CDD401CE41C46000D41D4 /* EmailViewController.swift */ = {isa = PBXFileReference; fileEncoding = 4; lastKnownFileType = sourcecode.swift; path = EmailViewController.swift; sourceTree = "<group>"; };
		004CDD421CE4286D000D41D4 /* SimulatorViewController.swift */ = {isa = PBXFileReference; fileEncoding = 4; lastKnownFileType = sourcecode.swift; path = SimulatorViewController.swift; sourceTree = "<group>"; };
		009EB1DD1CE178990022FE5F /* Final.app */ = {isa = PBXFileReference; explicitFileType = wrapper.application; includeInIndex = 0; path = Final.app; sourceTree = BUILT_PRODUCTS_DIR; };
		009EB1E01CE178990022FE5F /* AppDelegate.swift */ = {isa = PBXFileReference; lastKnownFileType = sourcecode.swift; path = AppDelegate.swift; sourceTree = "<group>"; };
		009EB1E21CE178990022FE5F /* ViewController.swift */ = {isa = PBXFileReference; lastKnownFileType = sourcecode.swift; path = ViewController.swift; sourceTree = "<group>"; };
		009EB1E51CE178990022FE5F /* Base */ = {isa = PBXFileReference; lastKnownFileType = file.storyboard; name = Base; path = Base.lproj/Main.storyboard; sourceTree = "<group>"; };
		009EB1E81CE178990022FE5F /* Final.xcdatamodel */ = {isa = PBXFileReference; lastKnownFileType = wrapper.xcdatamodel; path = Final.xcdatamodel; sourceTree = "<group>"; };
		009EB1EA1CE178990022FE5F /* Assets.xcassets */ = {isa = PBXFileReference; lastKnownFileType = folder.assetcatalog; path = Assets.xcassets; sourceTree = "<group>"; };
		009EB1ED1CE178990022FE5F /* Base */ = {isa = PBXFileReference; lastKnownFileType = file.storyboard; name = Base; path = Base.lproj/LaunchScreen.storyboard; sourceTree = "<group>"; };
		009EB1EF1CE178990022FE5F /* Info.plist */ = {isa = PBXFileReference; lastKnownFileType = text.plist.xml; path = Info.plist; sourceTree = "<group>"; };
		C94ED41A1CE7E6F800C6F31F /* HistoryTableViewController.swift */ = {isa = PBXFileReference; fileEncoding = 4; lastKnownFileType = sourcecode.swift; path = HistoryTableViewController.swift; sourceTree = "<group>"; };
		C94ED41C1CE7E80500C6F31F /* HistoryDetailViewController.swift */ = {isa = PBXFileReference; fileEncoding = 4; lastKnownFileType = sourcecode.swift; path = HistoryDetailViewController.swift; sourceTree = "<group>"; };
		C94ED41E1CE7EBAF00C6F31F /* Result.swift */ = {isa = PBXFileReference; fileEncoding = 4; lastKnownFileType = sourcecode.swift; path = Result.swift; sourceTree = "<group>"; };
		C94ED4201CE7EF9500C6F31F /* HistoryTableViewCell.swift */ = {isa = PBXFileReference; fileEncoding = 4; lastKnownFileType = sourcecode.swift; path = HistoryTableViewCell.swift; sourceTree = "<group>"; };
		C94ED4211CE7EF9500C6F31F /* HistoryTableViewCell.xib */ = {isa = PBXFileReference; fileEncoding = 4; lastKnownFileType = file.xib; path = HistoryTableViewCell.xib; sourceTree = "<group>"; };
		C9CBC8F91CE85C77002D0A7C /* ArchiveResults.swift */ = {isa = PBXFileReference; fileEncoding = 4; lastKnownFileType = sourcecode.swift; path = ArchiveResults.swift; sourceTree = "<group>"; };
/* End PBXFileReference section */

/* Begin PBXFrameworksBuildPhase section */
		009EB1DA1CE178990022FE5F /* Frameworks */ = {
			isa = PBXFrameworksBuildPhase;
			buildActionMask = 2147483647;
			files = (
			);
			runOnlyForDeploymentPostprocessing = 0;
		};
/* End PBXFrameworksBuildPhase section */

/* Begin PBXGroup section */
		009EB1D41CE178990022FE5F = {
			isa = PBXGroup;
			children = (
				009EB1DF1CE178990022FE5F /* Final */,
				009EB1DE1CE178990022FE5F /* Products */,
			);
			sourceTree = "<group>";
		};
		009EB1DE1CE178990022FE5F /* Products */ = {
			isa = PBXGroup;
			children = (
				009EB1DD1CE178990022FE5F /* Final.app */,
			);
			name = Products;
			sourceTree = "<group>";
		};
		009EB1DF1CE178990022FE5F /* Final */ = {
			isa = PBXGroup;
			children = (
				004CDD421CE4286D000D41D4 /* SimulatorViewController.swift */,
				C9CBC8F91CE85C77002D0A7C /* ArchiveResults.swift */,
				C94ED41A1CE7E6F800C6F31F /* HistoryTableViewController.swift */,
				C94ED41E1CE7EBAF00C6F31F /* Result.swift */,
				C94ED41C1CE7E80500C6F31F /* HistoryDetailViewController.swift */,
				009EB1E01CE178990022FE5F /* AppDelegate.swift */,
				004CDD401CE41C46000D41D4 /* EmailViewController.swift */,
				009EB1E21CE178990022FE5F /* ViewController.swift */,
				009EB1E41CE178990022FE5F /* Main.storyboard */,
				009EB1EA1CE178990022FE5F /* Assets.xcassets */,
				009EB1EC1CE178990022FE5F /* LaunchScreen.storyboard */,
				009EB1EF1CE178990022FE5F /* Info.plist */,
				009EB1E71CE178990022FE5F /* Final.xcdatamodeld */,
				C94ED4201CE7EF9500C6F31F /* HistoryTableViewCell.swift */,
				C94ED4211CE7EF9500C6F31F /* HistoryTableViewCell.xib */,
			);
			path = Final;
			sourceTree = "<group>";
		};
/* End PBXGroup section */

/* Begin PBXNativeTarget section */
		009EB1DC1CE178990022FE5F /* Final */ = {
			isa = PBXNativeTarget;
			buildConfigurationList = 009EB1F21CE178990022FE5F /* Build configuration list for PBXNativeTarget "Final" */;
			buildPhases = (
				009EB1D91CE178990022FE5F /* Sources */,
				009EB1DA1CE178990022FE5F /* Frameworks */,
				009EB1DB1CE178990022FE5F /* Resources */,
			);
			buildRules = (
			);
			dependencies = (
			);
			name = Final;
			productName = Final;
			productReference = 009EB1DD1CE178990022FE5F /* Final.app */;
			productType = "com.apple.product-type.application";
		};
/* End PBXNativeTarget section */

/* Begin PBXProject section */
		009EB1D51CE178990022FE5F /* Project object */ = {
			isa = PBXProject;
			attributes = {
				LastSwiftUpdateCheck = 0720;
				LastUpgradeCheck = 0720;
				ORGANIZATIONNAME = "Robillard, Matt";
				TargetAttributes = {
					009EB1DC1CE178990022FE5F = {
						CreatedOnToolsVersion = 7.2;
						DevelopmentTeam = Q8B6XML3VN;
					};
				};
			};
			buildConfigurationList = 009EB1D81CE178990022FE5F /* Build configuration list for PBXProject "Final" */;
			compatibilityVersion = "Xcode 3.2";
			developmentRegion = English;
			hasScannedForEncodings = 0;
			knownRegions = (
				en,
				Base,
			);
			mainGroup = 009EB1D41CE178990022FE5F;
			productRefGroup = 009EB1DE1CE178990022FE5F /* Products */;
			projectDirPath = "";
			projectRoot = "";
			targets = (
				009EB1DC1CE178990022FE5F /* Final */,
			);
		};
/* End PBXProject section */

/* Begin PBXResourcesBuildPhase section */
		009EB1DB1CE178990022FE5F /* Resources */ = {
			isa = PBXResourcesBuildPhase;
			buildActionMask = 2147483647;
			files = (
				009EB1EE1CE178990022FE5F /* LaunchScreen.storyboard in Resources */,
				009EB1EB1CE178990022FE5F /* Assets.xcassets in Resources */,
				C94ED4231CE7EF9500C6F31F /* HistoryTableViewCell.xib in Resources */,
				009EB1E61CE178990022FE5F /* Main.storyboard in Resources */,
			);
			runOnlyForDeploymentPostprocessing = 0;
		};
/* End PBXResourcesBuildPhase section */

/* Begin PBXSourcesBuildPhase section */
		009EB1D91CE178990022FE5F /* Sources */ = {
			isa = PBXSourcesBuildPhase;
			buildActionMask = 2147483647;
			files = (
				C94ED4221CE7EF9500C6F31F /* HistoryTableViewCell.swift in Sources */,
				C9CBC8FA1CE85C77002D0A7C /* ArchiveResults.swift in Sources */,
				004CDD431CE4286D000D41D4 /* SimulatorViewController.swift in Sources */,
				009EB1E91CE178990022FE5F /* Final.xcdatamodeld in Sources */,
				C94ED41B1CE7E6F800C6F31F /* HistoryTableViewController.swift in Sources */,
				009EB1E31CE178990022FE5F /* ViewController.swift in Sources */,
				009EB1E11CE178990022FE5F /* AppDelegate.swift in Sources */,
				C94ED41D1CE7E80500C6F31F /* HistoryDetailViewController.swift in Sources */,
				C94ED41F1CE7EBAF00C6F31F /* Result.swift in Sources */,
				004CDD411CE41C46000D41D4 /* EmailViewController.swift in Sources */,
			);
			runOnlyForDeploymentPostprocessing = 0;
		};
/* End PBXSourcesBuildPhase section */

/* Begin PBXVariantGroup section */
		009EB1E41CE178990022FE5F /* Main.storyboard */ = {
			isa = PBXVariantGroup;
			children = (
				009EB1E51CE178990022FE5F /* Base */,
			);
			name = Main.storyboard;
			sourceTree = "<group>";
		};
		009EB1EC1CE178990022FE5F /* LaunchScreen.storyboard */ = {
			isa = PBXVariantGroup;
			children = (
				009EB1ED1CE178990022FE5F /* Base */,
			);
			name = LaunchScreen.storyboard;
			sourceTree = "<group>";
		};
/* End PBXVariantGroup section */

/* Begin XCBuildConfiguration section */
		009EB1F01CE178990022FE5F /* Debug */ = {
			isa = XCBuildConfiguration;
			buildSettings = {
				ALWAYS_SEARCH_USER_PATHS = NO;
				CLANG_CXX_LANGUAGE_STANDARD = "gnu++0x";
				CLANG_CXX_LIBRARY = "libc++";
				CLANG_ENABLE_MODULES = YES;
				CLANG_ENABLE_OBJC_ARC = YES;
				CLANG_WARN_BOOL_CONVERSION = YES;
				CLANG_WARN_CONSTANT_CONVERSION = YES;
				CLANG_WARN_DIRECT_OBJC_ISA_USAGE = YES_ERROR;
				CLANG_WARN_EMPTY_BODY = YES;
				CLANG_WARN_ENUM_CONVERSION = YES;
				CLANG_WARN_INT_CONVERSION = YES;
				CLANG_WARN_OBJC_ROOT_CLASS = YES_ERROR;
				CLANG_WARN_UNREACHABLE_CODE = YES;
				CLANG_WARN__DUPLICATE_METHOD_MATCH = YES;
				"CODE_SIGN_IDENTITY[sdk=iphoneos*]" = "iPhone Developer";
				COPY_PHASE_STRIP = NO;
				DEBUG_INFORMATION_FORMAT = dwarf;
				ENABLE_STRICT_OBJC_MSGSEND = YES;
				ENABLE_TESTABILITY = YES;
				GCC_C_LANGUAGE_STANDARD = gnu99;
				GCC_DYNAMIC_NO_PIC = NO;
				GCC_NO_COMMON_BLOCKS = YES;
				GCC_OPTIMIZATION_LEVEL = 0;
				GCC_PREPROCESSOR_DEFINITIONS = (
					"DEBUG=1",
					"$(inherited)",
				);
				GCC_WARN_64_TO_32_BIT_CONVERSION = YES;
				GCC_WARN_ABOUT_RETURN_TYPE = YES_ERROR;
				GCC_WARN_UNDECLARED_SELECTOR = YES;
				GCC_WARN_UNINITIALIZED_AUTOS = YES_AGGRESSIVE;
				GCC_WARN_UNUSED_FUNCTION = YES;
				GCC_WARN_UNUSED_VARIABLE = YES;
				IPHONEOS_DEPLOYMENT_TARGET = 9.2;
				MTL_ENABLE_DEBUG_INFO = YES;
				ONLY_ACTIVE_ARCH = YES;
				SDKROOT = iphoneos;
				SWIFT_OPTIMIZATION_LEVEL = "-Onone";
				TARGETED_DEVICE_FAMILY = "1,2";
			};
			name = Debug;
		};
		009EB1F11CE178990022FE5F /* Release */ = {
			isa = XCBuildConfiguration;
			buildSettings = {
				ALWAYS_SEARCH_USER_PATHS = NO;
				CLANG_CXX_LANGUAGE_STANDARD = "gnu++0x";
				CLANG_CXX_LIBRARY = "libc++";
				CLANG_ENABLE_MODULES = YES;
				CLANG_ENABLE_OBJC_ARC = YES;
				CLANG_WARN_BOOL_CONVERSION = YES;
				CLANG_WARN_CONSTANT_CONVERSION = YES;
				CLANG_WARN_DIRECT_OBJC_ISA_USAGE = YES_ERROR;
				CLANG_WARN_EMPTY_BODY = YES;
				CLANG_WARN_ENUM_CONVERSION = YES;
				CLANG_WARN_INT_CONVERSION = YES;
				CLANG_WARN_OBJC_ROOT_CLASS = YES_ERROR;
				CLANG_WARN_UNREACHABLE_CODE = YES;
				CLANG_WARN__DUPLICATE_METHOD_MATCH = YES;
				"CODE_SIGN_IDENTITY[sdk=iphoneos*]" = "iPhone Developer";
				COPY_PHASE_STRIP = NO;
				DEBUG_INFORMATION_FORMAT = "dwarf-with-dsym";
				ENABLE_NS_ASSERTIONS = NO;
				ENABLE_STRICT_OBJC_MSGSEND = YES;
				GCC_C_LANGUAGE_STANDARD = gnu99;
				GCC_NO_COMMON_BLOCKS = YES;
				GCC_WARN_64_TO_32_BIT_CONVERSION = YES;
				GCC_WARN_ABOUT_RETURN_TYPE = YES_ERROR;
				GCC_WARN_UNDECLARED_SELECTOR = YES;
				GCC_WARN_UNINITIALIZED_AUTOS = YES_AGGRESSIVE;
				GCC_WARN_UNUSED_FUNCTION = YES;
				GCC_WARN_UNUSED_VARIABLE = YES;
				IPHONEOS_DEPLOYMENT_TARGET = 9.2;
				MTL_ENABLE_DEBUG_INFO = NO;
				SDKROOT = iphoneos;
				TARGETED_DEVICE_FAMILY = "1,2";
				VALIDATE_PRODUCT = YES;
			};
			name = Release;
		};
		009EB1F31CE178990022FE5F /* Debug */ = {
			isa = XCBuildConfiguration;
			buildSettings = {
				ASSETCATALOG_COMPILER_APPICON_NAME = AppIcon;
				CODE_SIGN_IDENTITY = "iPhone Developer";
				"CODE_SIGN_IDENTITY[sdk=iphoneos*]" = "iPhone Developer";
				INFOPLIST_FILE = Final/Info.plist;
				LD_RUNPATH_SEARCH_PATHS = "$(inherited) @executable_path/Frameworks";
				PRODUCT_BUNDLE_IDENTIFIER = com.Robillard.Final;
				PRODUCT_NAME = "$(TARGET_NAME)";
				PROVISIONING_PROFILE = "";
			};
			name = Debug;
		};
		009EB1F41CE178990022FE5F /* Release */ = {
			isa = XCBuildConfiguration;
			buildSettings = {
				ASSETCATALOG_COMPILER_APPICON_NAME = AppIcon;
				CODE_SIGN_IDENTITY = "iPhone Developer";
				"CODE_SIGN_IDENTITY[sdk=iphoneos*]" = "iPhone Developer";
				INFOPLIST_FILE = Final/Info.plist;
				LD_RUNPATH_SEARCH_PATHS = "$(inherited) @executable_path/Frameworks";
				PRODUCT_BUNDLE_IDENTIFIER = com.Robillard.Final;
				PRODUCT_NAME = "$(TARGET_NAME)";
				PROVISIONING_PROFILE = "";
			};
			name = Release;
		};
/* End XCBuildConfiguration section */

/* Begin XCConfigurationList section */
		009EB1D81CE178990022FE5F /* Build configuration list for PBXProject "Final" */ = {
			isa = XCConfigurationList;
			buildConfigurations = (
				009EB1F01CE178990022FE5F /* Debug */,
				009EB1F11CE178990022FE5F /* Release */,
			);
			defaultConfigurationIsVisible = 0;
			defaultConfigurationName = Release;
		};
		009EB1F21CE178990022FE5F /* Build configuration list for PBXNativeTarget "Final" */ = {
			isa = XCConfigurationList;
			buildConfigurations = (
				009EB1F31CE178990022FE5F /* Debug */,
				009EB1F41CE178990022FE5F /* Release */,
			);
			defaultConfigurationIsVisible = 0;
			defaultConfigurationName = Release;
		};
/* End XCConfigurationList section */

/* Begin XCVersionGroup section */
		009EB1E71CE178990022FE5F /* Final.xcdatamodeld */ = {
			isa = XCVersionGroup;
			children = (
				009EB1E81CE178990022FE5F /* Final.xcdatamodel */,
			);
			currentVersion = 009EB1E81CE178990022FE5F /* Final.xcdatamodel */;
			path = Final.xcdatamodeld;
			sourceTree = "<group>";
			versionGroupType = wrapper.xcdatamodel;
		};
/* End XCVersionGroup section */
	};
	rootObject = 009EB1D51CE178990022FE5F /* Project object */;
}
